
Microsoft Visual Studio Solution File, Format Version 12.00
Project("{FAE04EC0-301F-11D3-BF4B-00C04F79EFBC}") = "PeriodicFolderSync", "PeriodicFolderSync\PeriodicFolderSync.csproj", "{9E705EAC-8639-4AA4-A2E1-D06AC39A5BD3}"
EndProject
Project("{FAE04EC0-301F-11D3-BF4B-00C04F79EFBC}") = "FolderSync.Tests", "FolderSync.Tests\FolderSync.Tests.csproj", "{55B45A81-5554-43FC-BC81-9778CE1F13EC}"
EndProject
Global
	GlobalSection(SolutionConfigurationPlatforms) = preSolution
		Debug|Any CPU = Debug|Any CPU
		Release|Any CPU = Release|Any CPU
	EndGlobalSection
	GlobalSection(ProjectConfigurationPlatforms) = postSolution
		{9E705EAC-8639-4AA4-A2E1-D06AC39A5BD3}.Debug|Any CPU.ActiveCfg = Debug|Any CPU
		{9E705EAC-8639-4AA4-A2E1-D06AC39A5BD3}.Debug|Any CPU.Build.0 = Debug|Any CPU
		{9E705EAC-8639-4AA4-A2E1-D06AC39A5BD3}.Release|Any CPU.ActiveCfg = Release|Any CPU
		{9E705EAC-8639-4AA4-A2E1-D06AC39A5BD3}.Release|Any CPU.Build.0 = Release|Any CPU
		{55B45A81-5554-43FC-BC81-9778CE1F13EC}.Debug|Any CPU.ActiveCfg = Debug|Any CPU
		{55B45A81-5554-43FC-BC81-9778CE1F13EC}.Debug|Any CPU.Build.0 = Debug|Any CPU
		{55B45A81-5554-43FC-BC81-9778CE1F13EC}.Release|Any CPU.ActiveCfg = Release|Any CPU
		{55B45A81-5554-43FC-BC81-9778CE1F13EC}.Release|Any CPU.Build.0 = Release|Any CPU
	EndGlobalSection
EndGlobal
