
Microsoft Visual Studio Solution File, Format Version 12.00
Project("{FAE04EC0-301F-11D3-BF4B-00C04F79EFBC}") = "PeriodicFolderSync", "PeriodicFolderSync\PeriodicFolderSync.csproj", "{9E705EAC-8639-4AA4-A2E1-D06AC39A5BD3}"
EndProject
Project("{FAE04EC0-301F-11D3-BF4B-00C04F79EFBC}") = "FolderSync.Tests", "FolderSync.Tests\FolderSync.Tests.csproj", "{65AC50F2-C679-44BF-874D-3D6706C8C8E8}"
EndProject
Global
	GlobalSection(SolutionConfigurationPlatforms) = preSolution
		Debug|Any CPU = Debug|Any CPU
		Release|Any CPU = Release|Any CPU
	EndGlobalSection
	GlobalSection(ProjectConfigurationPlatforms) = postSolution
		{9E705EAC-8639-4AA4-A2E1-D06AC39A5BD3}.Debug|Any CPU.ActiveCfg = Debug|Any CPU
		{9E705EAC-8639-4AA4-A2E1-D06AC39A5BD3}.Debug|Any CPU.Build.0 = Debug|Any CPU
		{9E705EAC-8639-4AA4-A2E1-D06AC39A5BD3}.Release|Any CPU.ActiveCfg = Release|Any CPU
		{9E705EAC-8639-4AA4-A2E1-D06AC39A5BD3}.Release|Any CPU.Build.0 = Release|Any CPU
		{65AC50F2-C679-44BF-874D-3D6706C8C8E8}.Debug|Any CPU.ActiveCfg = Debug|Any CPU
		{65AC50F2-C679-44BF-874D-3D6706C8C8E8}.Debug|Any CPU.Build.0 = Debug|Any CPU
		{65AC50F2-C679-44BF-874D-3D6706C8C8E8}.Release|Any CPU.ActiveCfg = Release|Any CPU
		{65AC50F2-C679-44BF-874D-3D6706C8C8E8}.Release|Any CPU.Build.0 = Release|Any CPU
	EndGlobalSection
EndGlobal
